Microsoft Visual Studio Solution File, Format Version 12.00
# Visual Studio Version 17
VisualStudioVersion = 17.5.2.0
MinimumVisualStudioVersion = 10.0.40219.1
Project("{FAE04EC0-301F-11D3-BF4B-00C04F79EFBC}") = "BasicSyntaxApp", "BasicSyntaxApp.csproj", "{070F642A-78AD-15F6-3174-DDF6B908A7BB}"
EndProject
Global
	GlobalSection(SolutionConfigurationPlatforms) = preSolution
		Debug|Any CPU = Debug|Any CPU
		Release|Any CPU = Release|Any CPU
	EndGlobalSection
	GlobalSection(ProjectConfigurationPlatforms) = postSolution
		{070F642A-78AD-15F6-3174-DDF6B908A7BB}.Debug|Any CPU.ActiveCfg = Debug|Any CPU
		{070F642A-78AD-15F6-3174-DDF6B908A7BB}.Debug|Any CPU.Build.0 = Debug|Any CPU
		{070F642A-78AD-15F6-3174-DDF6B908A7BB}.Release|Any CPU.ActiveCfg = Release|Any CPU
		{070F642A-78AD-15F6-3174-DDF6B908A7BB}.Release|Any CPU.Build.0 = Release|Any CPU
	EndGlobalSection
	GlobalSection(SolutionProperties) = preSolution
		HideSolutionNode = FALSE
	EndGlobalSection
	GlobalSection(ExtensibilityGlobals) = postSolution
		SolutionGuid = {B9C308D9-7176-4DF2-84BE-33E8B7CC725B}
	EndGlobalSection
EndGlobal
