
Microsoft Visual Studio Solution File, Format Version 12.00
# Visual Studio Version 17
VisualStudioVersion = 17.12.35527.113
MinimumVisualStudioVersion = 10.0.40219.1
Project("{FAE04EC0-301F-11D3-BF4B-00C04F79EFBC}") = "TestApp", "TestApp\TestApp.csproj", "{3E96271F-149A-4179-9683-D3F2686ACD16}"
EndProject
Project("{FAE04EC0-301F-11D3-BF4B-00C04F79EFBC}") = "CRMLib", "CRMLib\CRMLib.csproj", "{D6C2D67E-EB5A-4BF9-951C-F4E0445AF4A7}"
EndProject
Global
	GlobalSection(SolutionConfigurationPlatforms) = preSolution
		Debug|Any CPU = Debug|Any CPU
		Release|Any CPU = Release|Any CPU
	EndGlobalSection
	GlobalSection(ProjectConfigurationPlatforms) = postSolution
		{3E96271F-149A-4179-9683-D3F2686ACD16}.Debug|Any CPU.ActiveCfg = Debug|Any CPU
		{3E96271F-149A-4179-9683-D3F2686ACD16}.Debug|Any CPU.Build.0 = Debug|Any CPU
		{3E96271F-149A-4179-9683-D3F2686ACD16}.Release|Any CPU.ActiveCfg = Release|Any CPU
		{3E96271F-149A-4179-9683-D3F2686ACD16}.Release|Any CPU.Build.0 = Release|Any CPU
		{D6C2D67E-EB5A-4BF9-951C-F4E0445AF4A7}.Debug|Any CPU.ActiveCfg = Debug|Any CPU
		{D6C2D67E-EB5A-4BF9-951C-F4E0445AF4A7}.Debug|Any CPU.Build.0 = Debug|Any CPU
		{D6C2D67E-EB5A-4BF9-951C-F4E0445AF4A7}.Release|Any CPU.ActiveCfg = Release|Any CPU
		{D6C2D67E-EB5A-4BF9-951C-F4E0445AF4A7}.Release|Any CPU.Build.0 = Release|Any CPU
	EndGlobalSection
	GlobalSection(SolutionProperties) = preSolution
		HideSolutionNode = FALSE
	EndGlobalSection
	GlobalSection(ExtensibilityGlobals) = postSolution
		SolutionGuid = {D45E7829-E9F1-4712-B73A-9AE9249D3AD7}
	EndGlobalSection
EndGlobal
