
Microsoft Visual Studio Solution File, Format Version 12.00
# Visual Studio Version 17
VisualStudioVersion = 17.13.35931.197 d17.13
MinimumVisualStudioVersion = 10.0.40219.1
Project("{FAE04EC0-301F-11D3-BF4B-00C04F79EFBC}") = "HRConsoleApp", "HRConsoleApp\HRConsoleApp.csproj", "{07B3E00E-E481-42C4-B846-1B93BBFDF0CC}"
EndProject
Project("{FAE04EC0-301F-11D3-BF4B-00C04F79EFBC}") = "Payroll", "Payroll\Payroll.csproj", "{613ED477-EBAE-4DCB-BFC5-B801403301E0}"
EndProject
Project("{FAE04EC0-301F-11D3-BF4B-00C04F79EFBC}") = "Staffing", "Staffing\Staffing.csproj", "{D3C4A70A-9D3E-4125-A090-BC605FFA2D51}"
EndProject
Global
	GlobalSection(SolutionConfigurationPlatforms) = preSolution
		Debug|Any CPU = Debug|Any CPU
		Release|Any CPU = Release|Any CPU
	EndGlobalSection
	GlobalSection(ProjectConfigurationPlatforms) = postSolution
		{07B3E00E-E481-42C4-B846-1B93BBFDF0CC}.Debug|Any CPU.ActiveCfg = Debug|Any CPU
		{07B3E00E-E481-42C4-B846-1B93BBFDF0CC}.Debug|Any CPU.Build.0 = Debug|Any CPU
		{07B3E00E-E481-42C4-B846-1B93BBFDF0CC}.Release|Any CPU.ActiveCfg = Release|Any CPU
		{07B3E00E-E481-42C4-B846-1B93BBFDF0CC}.Release|Any CPU.Build.0 = Release|Any CPU
		{613ED477-EBAE-4DCB-BFC5-B801403301E0}.Debug|Any CPU.ActiveCfg = Debug|Any CPU
		{613ED477-EBAE-4DCB-BFC5-B801403301E0}.Debug|Any CPU.Build.0 = Debug|Any CPU
		{613ED477-EBAE-4DCB-BFC5-B801403301E0}.Release|Any CPU.ActiveCfg = Release|Any CPU
		{613ED477-EBAE-4DCB-BFC5-B801403301E0}.Release|Any CPU.Build.0 = Release|Any CPU
		{D3C4A70A-9D3E-4125-A090-BC605FFA2D51}.Debug|Any CPU.ActiveCfg = Debug|Any CPU
		{D3C4A70A-9D3E-4125-A090-BC605FFA2D51}.Debug|Any CPU.Build.0 = Debug|Any CPU
		{D3C4A70A-9D3E-4125-A090-BC605FFA2D51}.Release|Any CPU.ActiveCfg = Release|Any CPU
		{D3C4A70A-9D3E-4125-A090-BC605FFA2D51}.Release|Any CPU.Build.0 = Release|Any CPU
	EndGlobalSection
	GlobalSection(SolutionProperties) = preSolution
		HideSolutionNode = FALSE
	EndGlobalSection
	GlobalSection(ExtensibilityGlobals) = postSolution
		SolutionGuid = {56176B7E-5874-45E3-8C1E-3229CB385134}
	EndGlobalSection
EndGlobal
