
Microsoft Visual Studio Solution File, Format Version 12.00
# Visual Studio Version 17
VisualStudioVersion = 17.13.35931.197 d17.13
MinimumVisualStudioVersion = 10.0.40219.1
Project("{FAE04EC0-301F-11D3-BF4B-00C04F79EFBC}") = "FirstPresentableWebApp", "FirstPresentableWebApp\FirstPresentableWebApp.csproj", "{3541CE75-91CC-4254-8A14-898F643A4B48}"
EndProject
Project("{FAE04EC0-301F-11D3-BF4B-00C04F79EFBC}") = "AuthWebApi", "AuthWebApi\AuthWebApi.csproj", "{37E956C1-7D95-4367-BBFF-5A4D1E7745A8}"
EndProject
Global
	GlobalSection(SolutionConfigurationPlatforms) = preSolution
		Debug|Any CPU = Debug|Any CPU
		Release|Any CPU = Release|Any CPU
	EndGlobalSection
	GlobalSection(ProjectConfigurationPlatforms) = postSolution
		{3541CE75-91CC-4254-8A14-898F643A4B48}.Debug|Any CPU.ActiveCfg = Debug|Any CPU
		{3541CE75-91CC-4254-8A14-898F643A4B48}.Debug|Any CPU.Build.0 = Debug|Any CPU
		{3541CE75-91CC-4254-8A14-898F643A4B48}.Release|Any CPU.ActiveCfg = Release|Any CPU
		{3541CE75-91CC-4254-8A14-898F643A4B48}.Release|Any CPU.Build.0 = Release|Any CPU
		{37E956C1-7D95-4367-BBFF-5A4D1E7745A8}.Debug|Any CPU.ActiveCfg = Debug|Any CPU
		{37E956C1-7D95-4367-BBFF-5A4D1E7745A8}.Debug|Any CPU.Build.0 = Debug|Any CPU
		{37E956C1-7D95-4367-BBFF-5A4D1E7745A8}.Release|Any CPU.ActiveCfg = Release|Any CPU
		{37E956C1-7D95-4367-BBFF-5A4D1E7745A8}.Release|Any CPU.Build.0 = Release|Any CPU
	EndGlobalSection
	GlobalSection(SolutionProperties) = preSolution
		HideSolutionNode = FALSE
	EndGlobalSection
	GlobalSection(ExtensibilityGlobals) = postSolution
		SolutionGuid = {902C095D-B51C-4A82-8367-B9B1E3C3BE29}
	EndGlobalSection
EndGlobal
